<?xml version="1.0" encoding="utf-8"?>
<Project ToolsVersion="4.0" xmlns="http://schemas.microsoft.com/developer/msbuild/2003">
  <ItemGroup>
    <Filter Include="Source Files">
      <UniqueIdentifier>{4FC737F1-C7A5-4376-A066-2A32D752A2FF}</UniqueIdentifier>
      <Extensions>cpp;c;cc;cxx;def;odl;idl;hpj;bat;asm;asmx</Extensions>
    </Filter>
    <Filter Include="Header Files">
      <UniqueIdentifier>{93995380-89BD-4b04-88EB-625FBE52EBFB}</UniqueIdentifier>
      <Extensions>h;hh;hpp;hxx;hm;inl;inc;xsd</Extensions>
    </Filter>
    <Filter Include="Resource Files">
      <UniqueIdentifier>{67DA6AB6-F800-4c08-8B7A-83BB121AAD01}</UniqueIdentifier>
      <Extensions>rc;ico;cur;bmp;dlg;rc2;rct;bin;rgs;gif;jpg;jpeg;jpe;resx;tiff;tif;png;wav;mfcribbon-ms</Extensions>
    </Filter>
    <Filter Include="Header Files\Luminate">
      <UniqueIdentifier>{0966e36a-2e2b-4827-a320-16bf4929a967}</UniqueIdentifier>
    </Filter>
    <Filter Include="Header Files\Exchange">
      <UniqueIdentifier>{cc1ea3dd-6a56-427e-86ec-03f138b84cd5}</UniqueIdentifier>
    </Filter>
    <Filter Include="Source Files\Luminate">
      <UniqueIdentifier>{48246b66-fffa-438a-ab01-21f061f452cb}</UniqueIdentifier>
    </Filter>
    <Filter Include="Source Files\Exchange">
      <UniqueIdentifier>{71383214-0e13-4011-9a55-6b1c9d51701a}</UniqueIdentifier>
    </Filter>
  </ItemGroup>
  <ItemGroup>
    <ClCompile Include="main.cpp">
      <Filter>Source Files</Filter>
    </ClCompile>
    <ClCompile Include="utilities.cpp">
      <Filter>Source Files</Filter>
    </ClCompile>
    <ClCompile Include="HLuminateServer.cpp">
      <Filter>Source Files\Luminate</Filter>
    </ClCompile>
    <ClCompile Include="ExProcess.cpp">
      <Filter>Source Files\Exchange</Filter>
    </ClCompile>
    <ClCompile Include="hoops_luminate_bridge\src\AxisTriad.cpp">
      <Filter>Source Files\Luminate</Filter>
    </ClCompile>
    <ClCompile Include="hoops_luminate_bridge\src\ConversionTools.cpp">
      <Filter>Source Files\Luminate</Filter>
    </ClCompile>
    <ClCompile Include="hoops_luminate_bridge\src\HoopsExLuminateBridge.cpp">
      <Filter>Source Files\Luminate</Filter>
    </ClCompile>
    <ClCompile Include="hoops_luminate_bridge\src\HoopsLuminateBridge.cpp">
      <Filter>Source Files\Luminate</Filter>
    </ClCompile>
    <ClCompile Include="hoops_luminate_bridge\src\LightingEnvironment.cpp">
      <Filter>Source Files\Luminate</Filter>
    </ClCompile>
  </ItemGroup>
  <ItemGroup>
    <ClInclude Include="utilities.h">
      <Filter>Header Files</Filter>
    </ClInclude>
    <ClInclude Include="HLuminateServer.h">
      <Filter>Header Files\Luminate</Filter>
    </ClInclude>
    <ClInclude Include="ExProcess.h">
      <Filter>Header Files\Exchange</Filter>
    </ClInclude>
    <ClInclude Include="hoops_luminate_bridge\include\hoops_luminate_bridge\HoopsExLuminateBridge.h">
      <Filter>Header Files\Luminate</Filter>
    </ClInclude>
    <ClInclude Include="hoops_luminate_bridge\include\hoops_luminate_bridge\AxisTriad.h">
      <Filter>Header Files\Luminate</Filter>
    </ClInclude>
    <ClInclude Include="hoops_luminate_bridge\include\hoops_luminate_bridge\ConversionTools.h">
      <Filter>Header Files\Luminate</Filter>
    </ClInclude>
    <ClInclude Include="hoops_luminate_bridge\include\hoops_luminate_bridge\HoopsLuminateBridge.h">
      <Filter>Header Files\Luminate</Filter>
    </ClInclude>
    <ClInclude Include="hoops_luminate_bridge\include\hoops_luminate_bridge\LightingEnvironment.h">
      <Filter>Header Files\Luminate</Filter>
    </ClInclude>
  </ItemGroup>
</Project>